
Microsoft Visual Studio Solution File, Format Version 12.00
# Visual Studio 15
VisualStudioVersion = 15.0.27130.2003
MinimumVisualStudioVersion = 10.0.40219.1
Project("{FAE04EC0-301F-11D3-BF4B-00C04F79EFBC}") = "SAS.Web", "SAS.Web\SAS.Web.csproj", "{AB815608-F289-4647-B4B3-19359BB500E1}"
EndProject
Project("{FAE04EC0-301F-11D3-BF4B-00C04F79EFBC}") = "SAS.Service", "SAS.Service\SAS.Service.csproj", "{FF906486-3039-4A41-A3A7-D20ED848286D}"
EndProject
Project("{FAE04EC0-301F-11D3-BF4B-00C04F79EFBC}") = "SAS.Data", "Data\SAS.Data.csproj", "{395C255D-BB1F-4708-92E8-5A33F3C4F157}"
EndProject
Global
	GlobalSection(SolutionConfigurationPlatforms) = preSolution
		Debug|Any CPU = Debug|Any CPU
		Release|Any CPU = Release|Any CPU
	EndGlobalSection
	GlobalSection(ProjectConfigurationPlatforms) = postSolution
		{AB815608-F289-4647-B4B3-19359BB500E1}.Debug|Any CPU.ActiveCfg = Debug|Any CPU
		{AB815608-F289-4647-B4B3-19359BB500E1}.Debug|Any CPU.Build.0 = Debug|Any CPU
		{AB815608-F289-4647-B4B3-19359BB500E1}.Release|Any CPU.ActiveCfg = Release|Any CPU
		{AB815608-F289-4647-B4B3-19359BB500E1}.Release|Any CPU.Build.0 = Release|Any CPU
		{FF906486-3039-4A41-A3A7-D20ED848286D}.Debug|Any CPU.ActiveCfg = Debug|Any CPU
		{FF906486-3039-4A41-A3A7-D20ED848286D}.Debug|Any CPU.Build.0 = Debug|Any CPU
		{FF906486-3039-4A41-A3A7-D20ED848286D}.Release|Any CPU.ActiveCfg = Release|Any CPU
		{FF906486-3039-4A41-A3A7-D20ED848286D}.Release|Any CPU.Build.0 = Release|Any CPU
		{395C255D-BB1F-4708-92E8-5A33F3C4F157}.Debug|Any CPU.ActiveCfg = Debug|Any CPU
		{395C255D-BB1F-4708-92E8-5A33F3C4F157}.Debug|Any CPU.Build.0 = Debug|Any CPU
		{395C255D-BB1F-4708-92E8-5A33F3C4F157}.Release|Any CPU.ActiveCfg = Release|Any CPU
		{395C255D-BB1F-4708-92E8-5A33F3C4F157}.Release|Any CPU.Build.0 = Release|Any CPU
	EndGlobalSection
	GlobalSection(SolutionProperties) = preSolution
		HideSolutionNode = FALSE
	EndGlobalSection
	GlobalSection(ExtensibilityGlobals) = postSolution
		SolutionGuid = {DB899886-3BD5-4C98-BA49-DABC128DD834}
	EndGlobalSection
EndGlobal
